
Microsoft Visual Studio Solution File, Format Version 12.00
# Visual Studio Version 17
VisualStudioVersion = 17.11.35222.181
MinimumVisualStudioVersion = 10.0.40219.1
Project("{FAE04EC0-301F-11D3-BF4B-00C04F79EFBC}") = "SIC_Backend", "SIC_Backend.csproj", "{864DC325-2138-4340-8D98-90EC0E8E7E6D}"
EndProject
Global
	GlobalSection(SolutionConfigurationPlatforms) = preSolution
		Debug|Any CPU = Debug|Any CPU
		Release|Any CPU = Release|Any CPU
	EndGlobalSection
	GlobalSection(ProjectConfigurationPlatforms) = postSolution
		{864DC325-2138-4340-8D98-90EC0E8E7E6D}.Debug|Any CPU.ActiveCfg = Debug|Any CPU
		{864DC325-2138-4340-8D98-90EC0E8E7E6D}.Debug|Any CPU.Build.0 = Debug|Any CPU
		{864DC325-2138-4340-8D98-90EC0E8E7E6D}.Release|Any CPU.ActiveCfg = Release|Any CPU
		{864DC325-2138-4340-8D98-90EC0E8E7E6D}.Release|Any CPU.Build.0 = Release|Any CPU
	EndGlobalSection
	GlobalSection(SolutionProperties) = preSolution
		HideSolutionNode = FALSE
	EndGlobalSection
	GlobalSection(ExtensibilityGlobals) = postSolution
		SolutionGuid = {0F8EEBEB-0081-4960-9F33-CAF7636B57EE}
	EndGlobalSection
EndGlobal
